
Microsoft Visual Studio Solution File, Format Version 12.00
Project("{FAE04EC0-301F-11D3-BF4B-00C04F79EFBC}") = "HugoApp", "HugoApp\HugoApp.csproj", "{811296A9-4E27-42DA-8EAF-EE9E7CDAD67C}"
EndProject
Global
	GlobalSection(SolutionConfigurationPlatforms) = preSolution
		Debug|Any CPU = Debug|Any CPU
		Release|Any CPU = Release|Any CPU
	EndGlobalSection
	GlobalSection(ProjectConfigurationPlatforms) = postSolution
		{811296A9-4E27-42DA-8EAF-EE9E7CDAD67C}.Debug|Any CPU.ActiveCfg = Debug|Any CPU
		{811296A9-4E27-42DA-8EAF-EE9E7CDAD67C}.Debug|Any CPU.Build.0 = Debug|Any CPU
		{811296A9-4E27-42DA-8EAF-EE9E7CDAD67C}.Release|Any CPU.ActiveCfg = Release|Any CPU
		{811296A9-4E27-42DA-8EAF-EE9E7CDAD67C}.Release|Any CPU.Build.0 = Release|Any CPU
	EndGlobalSection
EndGlobal
